
Microsoft Visual Studio Solution File, Format Version 12.00
# Visual Studio Version 17
VisualStudioVersion = 17.1.32328.378
MinimumVisualStudioVersion = 10.0.40219.1
Project("{FAE04EC0-301F-11D3-BF4B-00C04F79EFBC}") = "BAI_1_0_LamQuenVoiCsharp", "BAI_1_0_LamQuenVoiCsharp\BAI_1_0_LamQuenVoiCsharp.csproj", "{688B1243-1EB5-4F68-896B-84ED132430A9}"
EndProject
Project("{FAE04EC0-301F-11D3-BF4B-00C04F79EFBC}") = "BAI_1_1_BienLaGi", "BAI_1_1_BienLaGi\BAI_1_1_BienLaGi.csproj", "{734FBB05-26AB-44B6-8054-F36D2A367F32}"
EndProject
Project("{FAE04EC0-301F-11D3-BF4B-00C04F79EFBC}") = "BAI_1_2_NhapXuat", "BAI_1_2_NhapXuat\BAI_1_2_NhapXuat.csproj", "{32B11BA2-8955-472F-A3BF-D2190305C282}"
EndProject
Project("{FAE04EC0-301F-11D3-BF4B-00C04F79EFBC}") = "BAI_1_3_EpKieu", "BAI_1_3_EpKieu\BAI_1_3_EpKieu.csproj", "{0F1FDF63-A77F-4380-AECE-7770A28F27E9}"
EndProject
Project("{FAE04EC0-301F-11D3-BF4B-00C04F79EFBC}") = "BAI_1_4_ToanTuTrongLapTrinh", "BAI_1_4_ToanTuTrongLapTrinh\BAI_1_4_ToanTuTrongLapTrinh.csproj", "{2145F30B-7E5B-4394-ACD9-0E2773DFE7F2}"
EndProject
Project("{FAE04EC0-301F-11D3-BF4B-00C04F79EFBC}") = "BAI_1_5_CauLenhReNhanh", "BAI_1_5_CauLenhReNhanh\BAI_1_5_CauLenhReNhanh.csproj", "{51BC3111-4B68-496D-833B-D2A0283163DA}"
EndProject
Project("{FAE04EC0-301F-11D3-BF4B-00C04F79EFBC}") = "BAI_1_6_ToanTuBaNgoi", "BAI_1_6_ToanTuBaNgoi\BAI_1_6_ToanTuBaNgoi.csproj", "{F787B2F1-FBAB-42D2-9FB0-ADD3DBBA87C5}"
EndProject
Global
	GlobalSection(SolutionConfigurationPlatforms) = preSolution
		Debug|Any CPU = Debug|Any CPU
		Release|Any CPU = Release|Any CPU
	EndGlobalSection
	GlobalSection(ProjectConfigurationPlatforms) = postSolution
		{688B1243-1EB5-4F68-896B-84ED132430A9}.Debug|Any CPU.ActiveCfg = Debug|Any CPU
		{688B1243-1EB5-4F68-896B-84ED132430A9}.Debug|Any CPU.Build.0 = Debug|Any CPU
		{688B1243-1EB5-4F68-896B-84ED132430A9}.Release|Any CPU.ActiveCfg = Release|Any CPU
		{688B1243-1EB5-4F68-896B-84ED132430A9}.Release|Any CPU.Build.0 = Release|Any CPU
		{734FBB05-26AB-44B6-8054-F36D2A367F32}.Debug|Any CPU.ActiveCfg = Debug|Any CPU
		{734FBB05-26AB-44B6-8054-F36D2A367F32}.Debug|Any CPU.Build.0 = Debug|Any CPU
		{734FBB05-26AB-44B6-8054-F36D2A367F32}.Release|Any CPU.ActiveCfg = Release|Any CPU
		{734FBB05-26AB-44B6-8054-F36D2A367F32}.Release|Any CPU.Build.0 = Release|Any CPU
		{32B11BA2-8955-472F-A3BF-D2190305C282}.Debug|Any CPU.ActiveCfg = Debug|Any CPU
		{32B11BA2-8955-472F-A3BF-D2190305C282}.Debug|Any CPU.Build.0 = Debug|Any CPU
		{32B11BA2-8955-472F-A3BF-D2190305C282}.Release|Any CPU.ActiveCfg = Release|Any CPU
		{32B11BA2-8955-472F-A3BF-D2190305C282}.Release|Any CPU.Build.0 = Release|Any CPU
		{0F1FDF63-A77F-4380-AECE-7770A28F27E9}.Debug|Any CPU.ActiveCfg = Debug|Any CPU
		{0F1FDF63-A77F-4380-AECE-7770A28F27E9}.Debug|Any CPU.Build.0 = Debug|Any CPU
		{0F1FDF63-A77F-4380-AECE-7770A28F27E9}.Release|Any CPU.ActiveCfg = Release|Any CPU
		{0F1FDF63-A77F-4380-AECE-7770A28F27E9}.Release|Any CPU.Build.0 = Release|Any CPU
		{2145F30B-7E5B-4394-ACD9-0E2773DFE7F2}.Debug|Any CPU.ActiveCfg = Debug|Any CPU
		{2145F30B-7E5B-4394-ACD9-0E2773DFE7F2}.Debug|Any CPU.Build.0 = Debug|Any CPU
		{2145F30B-7E5B-4394-ACD9-0E2773DFE7F2}.Release|Any CPU.ActiveCfg = Release|Any CPU
		{2145F30B-7E5B-4394-ACD9-0E2773DFE7F2}.Release|Any CPU.Build.0 = Release|Any CPU
		{51BC3111-4B68-496D-833B-D2A0283163DA}.Debug|Any CPU.ActiveCfg = Debug|Any CPU
		{51BC3111-4B68-496D-833B-D2A0283163DA}.Debug|Any CPU.Build.0 = Debug|Any CPU
		{51BC3111-4B68-496D-833B-D2A0283163DA}.Release|Any CPU.ActiveCfg = Release|Any CPU
		{51BC3111-4B68-496D-833B-D2A0283163DA}.Release|Any CPU.Build.0 = Release|Any CPU
		{F787B2F1-FBAB-42D2-9FB0-ADD3DBBA87C5}.Debug|Any CPU.ActiveCfg = Debug|Any CPU
		{F787B2F1-FBAB-42D2-9FB0-ADD3DBBA87C5}.Debug|Any CPU.Build.0 = Debug|Any CPU
		{F787B2F1-FBAB-42D2-9FB0-ADD3DBBA87C5}.Release|Any CPU.ActiveCfg = Release|Any CPU
		{F787B2F1-FBAB-42D2-9FB0-ADD3DBBA87C5}.Release|Any CPU.Build.0 = Release|Any CPU
	EndGlobalSection
	GlobalSection(SolutionProperties) = preSolution
		HideSolutionNode = FALSE
	EndGlobalSection
	GlobalSection(ExtensibilityGlobals) = postSolution
		SolutionGuid = {49067F88-50A5-4CBC-9202-4567BA3ED6EF}
	EndGlobalSection
EndGlobal
