
Microsoft Visual Studio Solution File, Format Version 12.00
# Visual Studio Version 17
VisualStudioVersion = 17.1.32328.378
MinimumVisualStudioVersion = 10.0.40219.1
Project("{FAE04EC0-301F-11D3-BF4B-00C04F79EFBC}") = "BAI_1_0_LamQuenVoiCsharp", "BAI_1_0_LamQuenVoiCsharp\BAI_1_0_LamQuenVoiCsharp.csproj", "{688B1243-1EB5-4F68-896B-84ED132430A9}"
EndProject
Project("{FAE04EC0-301F-11D3-BF4B-00C04F79EFBC}") = "BAI_1_1_BienLaGi", "BAI_1_1_BienLaGi\BAI_1_1_BienLaGi.csproj", "{734FBB05-26AB-44B6-8054-F36D2A367F32}"
EndProject
Global
	GlobalSection(SolutionConfigurationPlatforms) = preSolution
		Debug|Any CPU = Debug|Any CPU
		Release|Any CPU = Release|Any CPU
	EndGlobalSection
	GlobalSection(ProjectConfigurationPlatforms) = postSolution
		{688B1243-1EB5-4F68-896B-84ED132430A9}.Debug|Any CPU.ActiveCfg = Debug|Any CPU
		{688B1243-1EB5-4F68-896B-84ED132430A9}.Debug|Any CPU.Build.0 = Debug|Any CPU
		{688B1243-1EB5-4F68-896B-84ED132430A9}.Release|Any CPU.ActiveCfg = Release|Any CPU
		{688B1243-1EB5-4F68-896B-84ED132430A9}.Release|Any CPU.Build.0 = Release|Any CPU
		{734FBB05-26AB-44B6-8054-F36D2A367F32}.Debug|Any CPU.ActiveCfg = Debug|Any CPU
		{734FBB05-26AB-44B6-8054-F36D2A367F32}.Debug|Any CPU.Build.0 = Debug|Any CPU
		{734FBB05-26AB-44B6-8054-F36D2A367F32}.Release|Any CPU.ActiveCfg = Release|Any CPU
		{734FBB05-26AB-44B6-8054-F36D2A367F32}.Release|Any CPU.Build.0 = Release|Any CPU
	EndGlobalSection
	GlobalSection(SolutionProperties) = preSolution
		HideSolutionNode = FALSE
	EndGlobalSection
	GlobalSection(ExtensibilityGlobals) = postSolution
		SolutionGuid = {49067F88-50A5-4CBC-9202-4567BA3ED6EF}
	EndGlobalSection
EndGlobal
